// !$*UTF8*$!
{
	archiveVersion = 1;
	classes = {
	};
	objectVersion = 56;
	objects = {

/* Begin PBXBuildFile section */
		54048ED42B5C159100CAE553 /* RickAndMortyAppApp.swift in Sources */ = {isa = PBXBuildFile; fileRef = 54048ED32B5C159100CAE553 /* RickAndMortyAppApp.swift */; };
		54048ED62B5C159100CAE553 /* ContentView.swift in Sources */ = {isa = PBXBuildFile; fileRef = 54048ED52B5C159100CAE553 /* ContentView.swift */; };
		54048ED82B5C159300CAE553 /* Assets.xcassets in Resources */ = {isa = PBXBuildFile; fileRef = 54048ED72B5C159300CAE553 /* Assets.xcassets */; };
		54048EDB2B5C159300CAE553 /* Preview Assets.xcassets in Resources */ = {isa = PBXBuildFile; fileRef = 54048EDA2B5C159300CAE553 /* Preview Assets.xcassets */; };
		54048EE52B5C159300CAE553 /* RickAndMortyAppTests.swift in Sources */ = {isa = PBXBuildFile; fileRef = 54048EE42B5C159300CAE553 /* RickAndMortyAppTests.swift */; };
		54048EEF2B5C159300CAE553 /* RickAndMortyAppUITests.swift in Sources */ = {isa = PBXBuildFile; fileRef = 54048EEE2B5C159300CAE553 /* RickAndMortyAppUITests.swift */; };
		54048EF12B5C159300CAE553 /* RickAndMortyAppUITestsLaunchTests.swift in Sources */ = {isa = PBXBuildFile; fileRef = 54048EF02B5C159300CAE553 /* RickAndMortyAppUITestsLaunchTests.swift */; };
		54048EFF2B5C167200CAE553 /* Localizable.strings in Resources */ = {isa = PBXBuildFile; fileRef = 54048F012B5C167200CAE553 /* Localizable.strings */; };
/* End PBXBuildFile section */

/* Begin PBXContainerItemProxy section */
		54048EE12B5C159300CAE553 /* PBXContainerItemProxy */ = {
			isa = PBXContainerItemProxy;
			containerPortal = 54048EC82B5C159100CAE553 /* Project object */;
			proxyType = 1;
			remoteGlobalIDString = 54048ECF2B5C159100CAE553;
			remoteInfo = RickAndMortyApp;
		};
		54048EEB2B5C159300CAE553 /* PBXContainerItemProxy */ = {
			isa = PBXContainerItemProxy;
			containerPortal = 54048EC82B5C159100CAE553 /* Project object */;
			proxyType = 1;
			remoteGlobalIDString = 54048ECF2B5C159100CAE553;
			remoteInfo = RickAndMortyApp;
		};
/* End PBXContainerItemProxy section */

/* Begin PBXFileReference section */
		54048ED02B5C159100CAE553 /* RickAndMortyApp.app */ = {isa = PBXFileReference; explicitFileType = wrapper.application; includeInIndex = 0; path = RickAndMortyApp.app; sourceTree = BUILT_PRODUCTS_DIR; };
		54048ED32B5C159100CAE553 /* RickAndMortyAppApp.swift */ = {isa = PBXFileReference; lastKnownFileType = sourcecode.swift; path = RickAndMortyAppApp.swift; sourceTree = "<group>"; };
		54048ED52B5C159100CAE553 /* ContentView.swift */ = {isa = PBXFileReference; lastKnownFileType = sourcecode.swift; path = ContentView.swift; sourceTree = "<group>"; };
		54048ED72B5C159300CAE553 /* Assets.xcassets */ = {isa = PBXFileReference; lastKnownFileType = folder.assetcatalog; path = Assets.xcassets; sourceTree = "<group>"; };
		54048EDA2B5C159300CAE553 /* Preview Assets.xcassets */ = {isa = PBXFileReference; lastKnownFileType = folder.assetcatalog; path = "Preview Assets.xcassets"; sourceTree = "<group>"; };
		54048EE02B5C159300CAE553 /* RickAndMortyAppTests.xctest */ = {isa = PBXFileReference; explicitFileType = wrapper.cfbundle; includeInIndex = 0; path = RickAndMortyAppTests.xctest; sourceTree = BUILT_PRODUCTS_DIR; };
		54048EE42B5C159300CAE553 /* RickAndMortyAppTests.swift */ = {isa = PBXFileReference; lastKnownFileType = sourcecode.swift; path = RickAndMortyAppTests.swift; sourceTree = "<group>"; };
		54048EEA2B5C159300CAE553 /* RickAndMortyAppUITests.xctest */ = {isa = PBXFileReference; explicitFileType = wrapper.cfbundle; includeInIndex = 0; path = RickAndMortyAppUITests.xctest; sourceTree = BUILT_PRODUCTS_DIR; };
		54048EEE2B5C159300CAE553 /* RickAndMortyAppUITests.swift */ = {isa = PBXFileReference; lastKnownFileType = sourcecode.swift; path = RickAndMortyAppUITests.swift; sourceTree = "<group>"; };
		54048EF02B5C159300CAE553 /* RickAndMortyAppUITestsLaunchTests.swift */ = {isa = PBXFileReference; lastKnownFileType = sourcecode.swift; path = RickAndMortyAppUITestsLaunchTests.swift; sourceTree = "<group>"; };
		54048F002B5C167200CAE553 /* en */ = {isa = PBXFileReference; lastKnownFileType = text.plist.strings; name = en; path = en.lproj/Localizable.strings; sourceTree = "<group>"; };
		54048F022B5C167500CAE553 /* es */ = {isa = PBXFileReference; lastKnownFileType = text.plist.strings; name = es; path = es.lproj/Localizable.strings; sourceTree = "<group>"; };
/* End PBXFileReference section */

/* Begin PBXFrameworksBuildPhase section */
		54048ECD2B5C159100CAE553 /* Frameworks */ = {
			isa = PBXFrameworksBuildPhase;
			buildActionMask = 2147483647;
			files = (
			);
			runOnlyForDeploymentPostprocessing = 0;
		};
		54048EDD2B5C159300CAE553 /* Frameworks */ = {
			isa = PBXFrameworksBuildPhase;
			buildActionMask = 2147483647;
			files = (
			);
			runOnlyForDeploymentPostprocessing = 0;
		};
		54048EE72B5C159300CAE553 /* Frameworks */ = {
			isa = PBXFrameworksBuildPhase;
			buildActionMask = 2147483647;
			files = (
			);
			runOnlyForDeploymentPostprocessing = 0;
		};
/* End PBXFrameworksBuildPhase section */

/* Begin PBXGroup section */
		54048EC72B5C159100CAE553 = {
			isa = PBXGroup;
			children = (
				54048F012B5C167200CAE553 /* Localizable.strings */,
				54048ED22B5C159100CAE553 /* RickAndMortyApp */,
				54048EE32B5C159300CAE553 /* RickAndMortyAppTests */,
				54048EED2B5C159300CAE553 /* RickAndMortyAppUITests */,
				54048ED12B5C159100CAE553 /* Products */,
			);
			sourceTree = "<group>";
		};
		54048ED12B5C159100CAE553 /* Products */ = {
			isa = PBXGroup;
			children = (
				54048ED02B5C159100CAE553 /* RickAndMortyApp.app */,
				54048EE02B5C159300CAE553 /* RickAndMortyAppTests.xctest */,
				54048EEA2B5C159300CAE553 /* RickAndMortyAppUITests.xctest */,
			);
			name = Products;
			sourceTree = "<group>";
		};
		54048ED22B5C159100CAE553 /* RickAndMortyApp */ = {
			isa = PBXGroup;
			children = (
				54048F072B5C16C900CAE553 /* Presenter */,
				54048F062B5C16C200CAE553 /* Views */,
				54048F052B5C16BB00CAE553 /* Model */,
				54048F042B5C16B500CAE553 /* Repository */,
				54048F032B5C16B000CAE553 /* Service */,
				54048ED32B5C159100CAE553 /* RickAndMortyAppApp.swift */,
				54048ED52B5C159100CAE553 /* ContentView.swift */,
				54048ED72B5C159300CAE553 /* Assets.xcassets */,
				54048ED92B5C159300CAE553 /* Preview Content */,
			);
			path = RickAndMortyApp;
			sourceTree = "<group>";
		};
		54048ED92B5C159300CAE553 /* Preview Content */ = {
			isa = PBXGroup;
			children = (
				54048EDA2B5C159300CAE553 /* Preview Assets.xcassets */,
			);
			path = "Preview Content";
			sourceTree = "<group>";
		};
		54048EE32B5C159300CAE553 /* RickAndMortyAppTests */ = {
			isa = PBXGroup;
			children = (
				54048EE42B5C159300CAE553 /* RickAndMortyAppTests.swift */,
			);
			path = RickAndMortyAppTests;
			sourceTree = "<group>";
		};
		54048EED2B5C159300CAE553 /* RickAndMortyAppUITests */ = {
			isa = PBXGroup;
			children = (
				54048EEE2B5C159300CAE553 /* RickAndMortyAppUITests.swift */,
				54048EF02B5C159300CAE553 /* RickAndMortyAppUITestsLaunchTests.swift */,
			);
			path = RickAndMortyAppUITests;
			sourceTree = "<group>";
		};
		54048F032B5C16B000CAE553 /* Service */ = {
			isa = PBXGroup;
			children = (
			);
			path = Service;
			sourceTree = "<group>";
		};
		54048F042B5C16B500CAE553 /* Repository */ = {
			isa = PBXGroup;
			children = (
			);
			path = Repository;
			sourceTree = "<group>";
		};
		54048F052B5C16BB00CAE553 /* Model */ = {
			isa = PBXGroup;
			children = (
			);
			path = Model;
			sourceTree = "<group>";
		};
		54048F062B5C16C200CAE553 /* Views */ = {
			isa = PBXGroup;
			children = (
			);
			path = Views;
			sourceTree = "<group>";
		};
		54048F072B5C16C900CAE553 /* Presenter */ = {
			isa = PBXGroup;
			children = (
			);
			path = Presenter;
			sourceTree = "<group>";
		};
/* End PBXGroup section */

/* Begin PBXNativeTarget section */
		54048ECF2B5C159100CAE553 /* RickAndMortyApp */ = {
			isa = PBXNativeTarget;
			buildConfigurationList = 54048EF42B5C159300CAE553 /* Build configuration list for PBXNativeTarget "RickAndMortyApp" */;
			buildPhases = (
				54048ECC2B5C159100CAE553 /* Sources */,
				54048ECD2B5C159100CAE553 /* Frameworks */,
				54048ECE2B5C159100CAE553 /* Resources */,
			);
			buildRules = (
			);
			dependencies = (
			);
			name = RickAndMortyApp;
			productName = RickAndMortyApp;
			productReference = 54048ED02B5C159100CAE553 /* RickAndMortyApp.app */;
			productType = "com.apple.product-type.application";
		};
		54048EDF2B5C159300CAE553 /* RickAndMortyAppTests */ = {
			isa = PBXNativeTarget;
			buildConfigurationList = 54048EF72B5C159300CAE553 /* Build configuration list for PBXNativeTarget "RickAndMortyAppTests" */;
			buildPhases = (
				54048EDC2B5C159300CAE553 /* Sources */,
				54048EDD2B5C159300CAE553 /* Frameworks */,
				54048EDE2B5C159300CAE553 /* Resources */,
			);
			buildRules = (
			);
			dependencies = (
				54048EE22B5C159300CAE553 /* PBXTargetDependency */,
			);
			name = RickAndMortyAppTests;
			productName = RickAndMortyAppTests;
			productReference = 54048EE02B5C159300CAE553 /* RickAndMortyAppTests.xctest */;
			productType = "com.apple.product-type.bundle.unit-test";
		};
		54048EE92B5C159300CAE553 /* RickAndMortyAppUITests */ = {
			isa = PBXNativeTarget;
			buildConfigurationList = 54048EFA2B5C159300CAE553 /* Build configuration list for PBXNativeTarget "RickAndMortyAppUITests" */;
			buildPhases = (
				54048EE62B5C159300CAE553 /* Sources */,
				54048EE72B5C159300CAE553 /* Frameworks */,
				54048EE82B5C159300CAE553 /* Resources */,
			);
			buildRules = (
			);
			dependencies = (
				54048EEC2B5C159300CAE553 /* PBXTargetDependency */,
			);
			name = RickAndMortyAppUITests;
			productName = RickAndMortyAppUITests;
			productReference = 54048EEA2B5C159300CAE553 /* RickAndMortyAppUITests.xctest */;
			productType = "com.apple.product-type.bundle.ui-testing";
		};
/* End PBXNativeTarget section */

/* Begin PBXProject section */
		54048EC82B5C159100CAE553 /* Project object */ = {
			isa = PBXProject;
			attributes = {
				BuildIndependentTargetsInParallel = 1;
				LastSwiftUpdateCheck = 1420;
				LastUpgradeCheck = 1420;
				TargetAttributes = {
					54048ECF2B5C159100CAE553 = {
						CreatedOnToolsVersion = 14.2;
					};
					54048EDF2B5C159300CAE553 = {
						CreatedOnToolsVersion = 14.2;
						TestTargetID = 54048ECF2B5C159100CAE553;
					};
					54048EE92B5C159300CAE553 = {
						CreatedOnToolsVersion = 14.2;
						TestTargetID = 54048ECF2B5C159100CAE553;
					};
				};
			};
			buildConfigurationList = 54048ECB2B5C159100CAE553 /* Build configuration list for PBXProject "RickAndMortyApp" */;
			compatibilityVersion = "Xcode 14.0";
			developmentRegion = en;
			hasScannedForEncodings = 0;
			knownRegions = (
				en,
				Base,
				es,
			);
			mainGroup = 54048EC72B5C159100CAE553;
			productRefGroup = 54048ED12B5C159100CAE553 /* Products */;
			projectDirPath = "";
			projectRoot = "";
			targets = (
				54048ECF2B5C159100CAE553 /* RickAndMortyApp */,
				54048EDF2B5C159300CAE553 /* RickAndMortyAppTests */,
				54048EE92B5C159300CAE553 /* RickAndMortyAppUITests */,
			);
		};
/* End PBXProject section */

/* Begin PBXResourcesBuildPhase section */
		54048ECE2B5C159100CAE553 /* Resources */ = {
			isa = PBXResourcesBuildPhase;
			buildActionMask = 2147483647;
			files = (
				54048EDB2B5C159300CAE553 /* Preview Assets.xcassets in Resources */,
				54048EFF2B5C167200CAE553 /* Localizable.strings in Resources */,
				54048ED82B5C159300CAE553 /* Assets.xcassets in Resources */,
			);
			runOnlyForDeploymentPostprocessing = 0;
		};
		54048EDE2B5C159300CAE553 /* Resources */ = {
			isa = PBXResourcesBuildPhase;
			buildActionMask = 2147483647;
			files = (
			);
			runOnlyForDeploymentPostprocessing = 0;
		};
		54048EE82B5C159300CAE553 /* Resources */ = {
			isa = PBXResourcesBuildPhase;
			buildActionMask = 2147483647;
			files = (
			);
			runOnlyForDeploymentPostprocessing = 0;
		};
/* End PBXResourcesBuildPhase section */

/* Begin PBXSourcesBuildPhase section */
		54048ECC2B5C159100CAE553 /* Sources */ = {
			isa = PBXSourcesBuildPhase;
			buildActionMask = 2147483647;
			files = (
				54048ED62B5C159100CAE553 /* ContentView.swift in Sources */,
				54048ED42B5C159100CAE553 /* RickAndMortyAppApp.swift in Sources */,
			);
			runOnlyForDeploymentPostprocessing = 0;
		};
		54048EDC2B5C159300CAE553 /* Sources */ = {
			isa = PBXSourcesBuildPhase;
			buildActionMask = 2147483647;
			files = (
				54048EE52B5C159300CAE553 /* RickAndMortyAppTests.swift in Sources */,
			);
			runOnlyForDeploymentPostprocessing = 0;
		};
		54048EE62B5C159300CAE553 /* Sources */ = {
			isa = PBXSourcesBuildPhase;
			buildActionMask = 2147483647;
			files = (
				54048EEF2B5C159300CAE553 /* RickAndMortyAppUITests.swift in Sources */,
				54048EF12B5C159300CAE553 /* RickAndMortyAppUITestsLaunchTests.swift in Sources */,
			);
			runOnlyForDeploymentPostprocessing = 0;
		};
/* End PBXSourcesBuildPhase section */

/* Begin PBXTargetDependency section */
		54048EE22B5C159300CAE553 /* PBXTargetDependency */ = {
			isa = PBXTargetDependency;
			target = 54048ECF2B5C159100CAE553 /* RickAndMortyApp */;
			targetProxy = 54048EE12B5C159300CAE553 /* PBXContainerItemProxy */;
		};
		54048EEC2B5C159300CAE553 /* PBXTargetDependency */ = {
			isa = PBXTargetDependency;
			target = 54048ECF2B5C159100CAE553 /* RickAndMortyApp */;
			targetProxy = 54048EEB2B5C159300CAE553 /* PBXContainerItemProxy */;
		};
/* End PBXTargetDependency section */

/* Begin PBXVariantGroup section */
		54048F012B5C167200CAE553 /* Localizable.strings */ = {
			isa = PBXVariantGroup;
			children = (
				54048F002B5C167200CAE553 /* en */,
				54048F022B5C167500CAE553 /* es */,
			);
			name = Localizable.strings;
			sourceTree = "<group>";
		};
/* End PBXVariantGroup section */

/* Begin XCBuildConfiguration section */
		54048EF22B5C159300CAE553 /* Debug */ = {
			isa = XCBuildConfiguration;
			buildSettings = {
				ALWAYS_SEARCH_USER_PATHS = NO;
				CLANG_ANALYZER_NONNULL = YES;
				CLANG_ANALYZER_NUMBER_OBJECT_CONVERSION = YES_AGGRESSIVE;
				CLANG_CXX_LANGUAGE_STANDARD = "gnu++20";
				CLANG_ENABLE_MODULES = YES;
				CLANG_ENABLE_OBJC_ARC = YES;
				CLANG_ENABLE_OBJC_WEAK = YES;
				CLANG_WARN_BLOCK_CAPTURE_AUTORELEASING = YES;
				CLANG_WARN_BOOL_CONVERSION = YES;
				CLANG_WARN_COMMA = YES;
				CLANG_WARN_CONSTANT_CONVERSION = YES;
				CLANG_WARN_DEPRECATED_OBJC_IMPLEMENTATIONS = YES;
				CLANG_WARN_DIRECT_OBJC_ISA_USAGE = YES_ERROR;
				CLANG_WARN_DOCUMENTATION_COMMENTS = YES;
				CLANG_WARN_EMPTY_BODY = YES;
				CLANG_WARN_ENUM_CONVERSION = YES;
				CLANG_WARN_INFINITE_RECURSION = YES;
				CLANG_WARN_INT_CONVERSION = YES;
				CLANG_WARN_NON_LITERAL_NULL_CONVERSION = YES;
				CLANG_WARN_OBJC_IMPLICIT_RETAIN_SELF = YES;
				CLANG_WARN_OBJC_LITERAL_CONVERSION = YES;
				CLANG_WARN_OBJC_ROOT_CLASS = YES_ERROR;
				CLANG_WARN_QUOTED_INCLUDE_IN_FRAMEWORK_HEADER = YES;
				CLANG_WARN_RANGE_LOOP_ANALYSIS = YES;
				CLANG_WARN_STRICT_PROTOTYPES = YES;
				CLANG_WARN_SUSPICIOUS_MOVE = YES;
				CLANG_WARN_UNGUARDED_AVAILABILITY = YES_AGGRESSIVE;
				CLANG_WARN_UNREACHABLE_CODE = YES;
				CLANG_WARN__DUPLICATE_METHOD_MATCH = YES;
				COPY_PHASE_STRIP = NO;
				DEBUG_INFORMATION_FORMAT = dwarf;
				ENABLE_STRICT_OBJC_MSGSEND = YES;
				ENABLE_TESTABILITY = YES;
				GCC_C_LANGUAGE_STANDARD = gnu11;
				GCC_DYNAMIC_NO_PIC = NO;
				GCC_NO_COMMON_BLOCKS = YES;
				GCC_OPTIMIZATION_LEVEL = 0;
				GCC_PREPROCESSOR_DEFINITIONS = (
					"DEBUG=1",
					"$(inherited)",
				);
				GCC_WARN_64_TO_32_BIT_CONVERSION = YES;
				GCC_WARN_ABOUT_RETURN_TYPE = YES_ERROR;
				GCC_WARN_UNDECLARED_SELECTOR = YES;
				GCC_WARN_UNINITIALIZED_AUTOS = YES_AGGRESSIVE;
				GCC_WARN_UNUSED_FUNCTION = YES;
				GCC_WARN_UNUSED_VARIABLE = YES;
				IPHONEOS_DEPLOYMENT_TARGET = 16.2;
				MTL_ENABLE_DEBUG_INFO = INCLUDE_SOURCE;
				MTL_FAST_MATH = YES;
				ONLY_ACTIVE_ARCH = YES;
				SDKROOT = iphoneos;
				SWIFT_ACTIVE_COMPILATION_CONDITIONS = DEBUG;
				SWIFT_OPTIMIZATION_LEVEL = "-Onone";
			};
			name = Debug;
		};
		54048EF32B5C159300CAE553 /* Release */ = {
			isa = XCBuildConfiguration;
			buildSettings = {
				ALWAYS_SEARCH_USER_PATHS = NO;
				CLANG_ANALYZER_NONNULL = YES;
				CLANG_ANALYZER_NUMBER_OBJECT_CONVERSION = YES_AGGRESSIVE;
				CLANG_CXX_LANGUAGE_STANDARD = "gnu++20";
				CLANG_ENABLE_MODULES = YES;
				CLANG_ENABLE_OBJC_ARC = YES;
				CLANG_ENABLE_OBJC_WEAK = YES;
				CLANG_WARN_BLOCK_CAPTURE_AUTORELEASING = YES;
				CLANG_WARN_BOOL_CONVERSION = YES;
				CLANG_WARN_COMMA = YES;
				CLANG_WARN_CONSTANT_CONVERSION = YES;
				CLANG_WARN_DEPRECATED_OBJC_IMPLEMENTATIONS = YES;
				CLANG_WARN_DIRECT_OBJC_ISA_USAGE = YES_ERROR;
				CLANG_WARN_DOCUMENTATION_COMMENTS = YES;
				CLANG_WARN_EMPTY_BODY = YES;
				CLANG_WARN_ENUM_CONVERSION = YES;
				CLANG_WARN_INFINITE_RECURSION = YES;
				CLANG_WARN_INT_CONVERSION = YES;
				CLANG_WARN_NON_LITERAL_NULL_CONVERSION = YES;
				CLANG_WARN_OBJC_IMPLICIT_RETAIN_SELF = YES;
				CLANG_WARN_OBJC_LITERAL_CONVERSION = YES;
				CLANG_WARN_OBJC_ROOT_CLASS = YES_ERROR;
				CLANG_WARN_QUOTED_INCLUDE_IN_FRAMEWORK_HEADER = YES;
				CLANG_WARN_RANGE_LOOP_ANALYSIS = YES;
				CLANG_WARN_STRICT_PROTOTYPES = YES;
				CLANG_WARN_SUSPICIOUS_MOVE = YES;
				CLANG_WARN_UNGUARDED_AVAILABILITY = YES_AGGRESSIVE;
				CLANG_WARN_UNREACHABLE_CODE = YES;
				CLANG_WARN__DUPLICATE_METHOD_MATCH = YES;
				COPY_PHASE_STRIP = NO;
				DEBUG_INFORMATION_FORMAT = "dwarf-with-dsym";
				ENABLE_NS_ASSERTIONS = NO;
				ENABLE_STRICT_OBJC_MSGSEND = YES;
				GCC_C_LANGUAGE_STANDARD = gnu11;
				GCC_NO_COMMON_BLOCKS = YES;
				GCC_WARN_64_TO_32_BIT_CONVERSION = YES;
				GCC_WARN_ABOUT_RETURN_TYPE = YES_ERROR;
				GCC_WARN_UNDECLARED_SELECTOR = YES;
				GCC_WARN_UNINITIALIZED_AUTOS = YES_AGGRESSIVE;
				GCC_WARN_UNUSED_FUNCTION = YES;
				GCC_WARN_UNUSED_VARIABLE = YES;
				IPHONEOS_DEPLOYMENT_TARGET = 16.2;
				MTL_ENABLE_DEBUG_INFO = NO;
				MTL_FAST_MATH = YES;
				SDKROOT = iphoneos;
				SWIFT_COMPILATION_MODE = wholemodule;
				SWIFT_OPTIMIZATION_LEVEL = "-O";
				VALIDATE_PRODUCT = YES;
			};
			name = Release;
		};
		54048EF52B5C159300CAE553 /* Debug */ = {
			isa = XCBuildConfiguration;
			buildSettings = {
				ASSETCATALOG_COMPILER_APPICON_NAME = AppIcon;
				ASSETCATALOG_COMPILER_GLOBAL_ACCENT_COLOR_NAME = AccentColor;
				CODE_SIGN_STYLE = Automatic;
				CURRENT_PROJECT_VERSION = 1;
				DEVELOPMENT_ASSET_PATHS = "\"RickAndMortyApp/Preview Content\"";
				ENABLE_PREVIEWS = YES;
				GENERATE_INFOPLIST_FILE = YES;
				INFOPLIST_KEY_UIApplicationSceneManifest_Generation = YES;
				INFOPLIST_KEY_UIApplicationSupportsIndirectInputEvents = YES;
				INFOPLIST_KEY_UILaunchScreen_Generation = YES;
				INFOPLIST_KEY_UISupportedInterfaceOrientations_iPad = "UIInterfaceOrientationPortrait UIInterfaceOrientationPortraitUpsideDown UIInterfaceOrientationLandscapeLeft UIInterfaceOrientationLandscapeRight";
				INFOPLIST_KEY_UISupportedInterfaceOrientations_iPhone = "UIInterfaceOrientationPortrait UIInterfaceOrientationLandscapeLeft UIInterfaceOrientationLandscapeRight";
				LD_RUNPATH_SEARCH_PATHS = (
					"$(inherited)",
					"@executable_path/Frameworks",
				);
				MARKETING_VERSION = 1.0;
				PRODUCT_BUNDLE_IDENTIFIER = com.rickandmorty.RickAndMortyApp;
				PRODUCT_NAME = "$(TARGET_NAME)";
				SWIFT_EMIT_LOC_STRINGS = YES;
				SWIFT_VERSION = 5.0;
				TARGETED_DEVICE_FAMILY = "1,2";
			};
			name = Debug;
		};
		54048EF62B5C159300CAE553 /* Release */ = {
			isa = XCBuildConfiguration;
			buildSettings = {
				ASSETCATALOG_COMPILER_APPICON_NAME = AppIcon;
				ASSETCATALOG_COMPILER_GLOBAL_ACCENT_COLOR_NAME = AccentColor;
				CODE_SIGN_STYLE = Automatic;
				CURRENT_PROJECT_VERSION = 1;
				DEVELOPMENT_ASSET_PATHS = "\"RickAndMortyApp/Preview Content\"";
				ENABLE_PREVIEWS = YES;
				GENERATE_INFOPLIST_FILE = YES;
				INFOPLIST_KEY_UIApplicationSceneManifest_Generation = YES;
				INFOPLIST_KEY_UIApplicationSupportsIndirectInputEvents = YES;
				INFOPLIST_KEY_UILaunchScreen_Generation = YES;
				INFOPLIST_KEY_UISupportedInterfaceOrientations_iPad = "UIInterfaceOrientationPortrait UIInterfaceOrientationPortraitUpsideDown UIInterfaceOrientationLandscapeLeft UIInterfaceOrientationLandscapeRight";
				INFOPLIST_KEY_UISupportedInterfaceOrientations_iPhone = "UIInterfaceOrientationPortrait UIInterfaceOrientationLandscapeLeft UIInterfaceOrientationLandscapeRight";
				LD_RUNPATH_SEARCH_PATHS = (
					"$(inherited)",
					"@executable_path/Frameworks",
				);
				MARKETING_VERSION = 1.0;
				PRODUCT_BUNDLE_IDENTIFIER = com.rickandmorty.RickAndMortyApp;
				PRODUCT_NAME = "$(TARGET_NAME)";
				SWIFT_EMIT_LOC_STRINGS = YES;
				SWIFT_VERSION = 5.0;
				TARGETED_DEVICE_FAMILY = "1,2";
			};
			name = Release;
		};
		54048EF82B5C159300CAE553 /* Debug */ = {
			isa = XCBuildConfiguration;
			buildSettings = {
				ALWAYS_EMBED_SWIFT_STANDARD_LIBRARIES = YES;
				BUNDLE_LOADER = "$(TEST_HOST)";
				CODE_SIGN_STYLE = Automatic;
				CURRENT_PROJECT_VERSION = 1;
				GENERATE_INFOPLIST_FILE = YES;
				IPHONEOS_DEPLOYMENT_TARGET = 16.2;
				MARKETING_VERSION = 1.0;
				PRODUCT_BUNDLE_IDENTIFIER = com.rickandmorty.RickAndMortyAppTests;
				PRODUCT_NAME = "$(TARGET_NAME)";
				SWIFT_EMIT_LOC_STRINGS = NO;
				SWIFT_VERSION = 5.0;
				TARGETED_DEVICE_FAMILY = "1,2";
				TEST_HOST = "$(BUILT_PRODUCTS_DIR)/RickAndMortyApp.app/$(BUNDLE_EXECUTABLE_FOLDER_PATH)/RickAndMortyApp";
			};
			name = Debug;
		};
		54048EF92B5C159300CAE553 /* Release */ = {
			isa = XCBuildConfiguration;
			buildSettings = {
				ALWAYS_EMBED_SWIFT_STANDARD_LIBRARIES = YES;
				BUNDLE_LOADER = "$(TEST_HOST)";
				CODE_SIGN_STYLE = Automatic;
				CURRENT_PROJECT_VERSION = 1;
				GENERATE_INFOPLIST_FILE = YES;
				IPHONEOS_DEPLOYMENT_TARGET = 16.2;
				MARKETING_VERSION = 1.0;
				PRODUCT_BUNDLE_IDENTIFIER = com.rickandmorty.RickAndMortyAppTests;
				PRODUCT_NAME = "$(TARGET_NAME)";
				SWIFT_EMIT_LOC_STRINGS = NO;
				SWIFT_VERSION = 5.0;
				TARGETED_DEVICE_FAMILY = "1,2";
				TEST_HOST = "$(BUILT_PRODUCTS_DIR)/RickAndMortyApp.app/$(BUNDLE_EXECUTABLE_FOLDER_PATH)/RickAndMortyApp";
			};
			name = Release;
		};
		54048EFB2B5C159300CAE553 /* Debug */ = {
			isa = XCBuildConfiguration;
			buildSettings = {
				ALWAYS_EMBED_SWIFT_STANDARD_LIBRARIES = YES;
				CODE_SIGN_STYLE = Automatic;
				CURRENT_PROJECT_VERSION = 1;
				GENERATE_INFOPLIST_FILE = YES;
				MARKETING_VERSION = 1.0;
				PRODUCT_BUNDLE_IDENTIFIER = com.rickandmorty.RickAndMortyAppUITests;
				PRODUCT_NAME = "$(TARGET_NAME)";
				SWIFT_EMIT_LOC_STRINGS = NO;
				SWIFT_VERSION = 5.0;
				TARGETED_DEVICE_FAMILY = "1,2";
				TEST_TARGET_NAME = RickAndMortyApp;
			};
			name = Debug;
		};
		54048EFC2B5C159300CAE553 /* Release */ = {
			isa = XCBuildConfiguration;
			buildSettings = {
				ALWAYS_EMBED_SWIFT_STANDARD_LIBRARIES = YES;
				CODE_SIGN_STYLE = Automatic;
				CURRENT_PROJECT_VERSION = 1;
				GENERATE_INFOPLIST_FILE = YES;
				MARKETING_VERSION = 1.0;
				PRODUCT_BUNDLE_IDENTIFIER = com.rickandmorty.RickAndMortyAppUITests;
				PRODUCT_NAME = "$(TARGET_NAME)";
				SWIFT_EMIT_LOC_STRINGS = NO;
				SWIFT_VERSION = 5.0;
				TARGETED_DEVICE_FAMILY = "1,2";
				TEST_TARGET_NAME = RickAndMortyApp;
			};
			name = Release;
		};
/* End XCBuildConfiguration section */

/* Begin XCConfigurationList section */
		54048ECB2B5C159100CAE553 /* Build configuration list for PBXProject "RickAndMortyApp" */ = {
			isa = XCConfigurationList;
			buildConfigurations = (
				54048EF22B5C159300CAE553 /* Debug */,
				54048EF32B5C159300CAE553 /* Release */,
			);
			defaultConfigurationIsVisible = 0;
			defaultConfigurationName = Release;
		};
		54048EF42B5C159300CAE553 /* Build configuration list for PBXNativeTarget "RickAndMortyApp" */ = {
			isa = XCConfigurationList;
			buildConfigurations = (
				54048EF52B5C159300CAE553 /* Debug */,
				54048EF62B5C159300CAE553 /* Release */,
			);
			defaultConfigurationIsVisible = 0;
			defaultConfigurationName = Release;
		};
		54048EF72B5C159300CAE553 /* Build configuration list for PBXNativeTarget "RickAndMortyAppTests" */ = {
			isa = XCConfigurationList;
			buildConfigurations = (
				54048EF82B5C159300CAE553 /* Debug */,
				54048EF92B5C159300CAE553 /* Release */,
			);
			defaultConfigurationIsVisible = 0;
			defaultConfigurationName = Release;
		};
		54048EFA2B5C159300CAE553 /* Build configuration list for PBXNativeTarget "RickAndMortyAppUITests" */ = {
			isa = XCConfigurationList;
			buildConfigurations = (
				54048EFB2B5C159300CAE553 /* Debug */,
				54048EFC2B5C159300CAE553 /* Release */,
			);
			defaultConfigurationIsVisible = 0;
			defaultConfigurationName = Release;
		};
/* End XCConfigurationList section */
	};
	rootObject = 54048EC82B5C159100CAE553 /* Project object */;
}
